// !$*UTF8*$!
{
	archiveVersion = 1;
	classes = {
	};
	objectVersion = 56;
	objects = {

/* Begin PBXBuildFile section */
		6CB7ED7129701F5E002948DD /* AppDelegate.swift in Sources */ = {isa = PBXBuildFile; fileRef = 6CB7ED7029701F5E002948DD /* AppDelegate.swift */; };
		6CB7ED7329701F5E002948DD /* SceneDelegate.swift in Sources */ = {isa = PBXBuildFile; fileRef = 6CB7ED7229701F5E002948DD /* SceneDelegate.swift */; };
		6CB7ED7529701F5E002948DD /* ViewController.swift in Sources */ = {isa = PBXBuildFile; fileRef = 6CB7ED7429701F5E002948DD /* ViewController.swift */; };
		6CB7ED7829701F5E002948DD /* Main.storyboard in Resources */ = {isa = PBXBuildFile; fileRef = 6CB7ED7629701F5E002948DD /* Main.storyboard */; };
		6CB7ED7A29701F5E002948DD /* Assets.xcassets in Resources */ = {isa = PBXBuildFile; fileRef = 6CB7ED7929701F5E002948DD /* Assets.xcassets */; };
		6CB7ED7D29701F5E002948DD /* LaunchScreen.storyboard in Resources */ = {isa = PBXBuildFile; fileRef = 6CB7ED7B29701F5E002948DD /* LaunchScreen.storyboard */; };
		E7B2F88BC1A898EFB060E3C1 /* Pods_RxSwfit_Disposable.framework in Frameworks */ = {isa = PBXBuildFile; fileRef = 18FAE0A39B8176DB24016FCB /* Pods_RxSwfit_Disposable.framework */; };
/* End PBXBuildFile section */

/* Begin PBXFileReference section */
		18FAE0A39B8176DB24016FCB /* Pods_RxSwfit_Disposable.framework */ = {isa = PBXFileReference; explicitFileType = wrapper.framework; includeInIndex = 0; path = Pods_RxSwfit_Disposable.framework; sourceTree = BUILT_PRODUCTS_DIR; };
		3C426CEEBF3E679758CE226D /* Pods-RxSwfit_Disposable.debug.xcconfig */ = {isa = PBXFileReference; includeInIndex = 1; lastKnownFileType = text.xcconfig; name = "Pods-RxSwfit_Disposable.debug.xcconfig"; path = "Target Support Files/Pods-RxSwfit_Disposable/Pods-RxSwfit_Disposable.debug.xcconfig"; sourceTree = "<group>"; };
		6CB7ED6D29701F5E002948DD /* RxSwfit_Disposable.app */ = {isa = PBXFileReference; explicitFileType = wrapper.application; includeInIndex = 0; path = RxSwfit_Disposable.app; sourceTree = BUILT_PRODUCTS_DIR; };
		6CB7ED7029701F5E002948DD /* AppDelegate.swift */ = {isa = PBXFileReference; lastKnownFileType = sourcecode.swift; path = AppDelegate.swift; sourceTree = "<group>"; };
		6CB7ED7229701F5E002948DD /* SceneDelegate.swift */ = {isa = PBXFileReference; lastKnownFileType = sourcecode.swift; path = SceneDelegate.swift; sourceTree = "<group>"; };
		6CB7ED7429701F5E002948DD /* ViewController.swift */ = {isa = PBXFileReference; lastKnownFileType = sourcecode.swift; path = ViewController.swift; sourceTree = "<group>"; };
		6CB7ED7729701F5E002948DD /* Base */ = {isa = PBXFileReference; lastKnownFileType = file.storyboard; name = Base; path = Base.lproj/Main.storyboard; sourceTree = "<group>"; };
		6CB7ED7929701F5E002948DD /* Assets.xcassets */ = {isa = PBXFileReference; lastKnownFileType = folder.assetcatalog; path = Assets.xcassets; sourceTree = "<group>"; };
		6CB7ED7C29701F5E002948DD /* Base */ = {isa = PBXFileReference; lastKnownFileType = file.storyboard; name = Base; path = Base.lproj/LaunchScreen.storyboard; sourceTree = "<group>"; };
		6CB7ED7E29701F5E002948DD /* Info.plist */ = {isa = PBXFileReference; lastKnownFileType = text.plist.xml; path = Info.plist; sourceTree = "<group>"; };
		96C5FB09DC572A87F01F332F /* Pods-RxSwfit_Disposable.release.xcconfig */ = {isa = PBXFileReference; includeInIndex = 1; lastKnownFileType = text.xcconfig; name = "Pods-RxSwfit_Disposable.release.xcconfig"; path = "Target Support Files/Pods-RxSwfit_Disposable/Pods-RxSwfit_Disposable.release.xcconfig"; sourceTree = "<group>"; };
/* End PBXFileReference section */

/* Begin PBXFrameworksBuildPhase section */
		6CB7ED6A29701F5E002948DD /* Frameworks */ = {
			isa = PBXFrameworksBuildPhase;
			buildActionMask = 2147483647;
			files = (
				E7B2F88BC1A898EFB060E3C1 /* Pods_RxSwfit_Disposable.framework in Frameworks */,
			);
			runOnlyForDeploymentPostprocessing = 0;
		};
/* End PBXFrameworksBuildPhase section */

/* Begin PBXGroup section */
		6CB7ED6429701F5E002948DD = {
			isa = PBXGroup;
			children = (
				6CB7ED6F29701F5E002948DD /* RxSwfit_Disposable */,
				6CB7ED6E29701F5E002948DD /* Products */,
				92D4B47D1CB1DA494B0F8EDB /* Pods */,
				D48B35619A99224AD319D311 /* Frameworks */,
			);
			sourceTree = "<group>";
		};
		6CB7ED6E29701F5E002948DD /* Products */ = {
			isa = PBXGroup;
			children = (
				6CB7ED6D29701F5E002948DD /* RxSwfit_Disposable.app */,
			);
			name = Products;
			sourceTree = "<group>";
		};
		6CB7ED6F29701F5E002948DD /* RxSwfit_Disposable */ = {
			isa = PBXGroup;
			children = (
				6CB7ED7029701F5E002948DD /* AppDelegate.swift */,
				6CB7ED7229701F5E002948DD /* SceneDelegate.swift */,
				6CB7ED7429701F5E002948DD /* ViewController.swift */,
				6CB7ED7629701F5E002948DD /* Main.storyboard */,
				6CB7ED7929701F5E002948DD /* Assets.xcassets */,
				6CB7ED7B29701F5E002948DD /* LaunchScreen.storyboard */,
				6CB7ED7E29701F5E002948DD /* Info.plist */,
			);
			path = RxSwfit_Disposable;
			sourceTree = "<group>";
		};
		92D4B47D1CB1DA494B0F8EDB /* Pods */ = {
			isa = PBXGroup;
			children = (
				3C426CEEBF3E679758CE226D /* Pods-RxSwfit_Disposable.debug.xcconfig */,
				96C5FB09DC572A87F01F332F /* Pods-RxSwfit_Disposable.release.xcconfig */,
			);
			name = Pods;
			path = Pods;
			sourceTree = "<group>";
		};
		D48B35619A99224AD319D311 /* Frameworks */ = {
			isa = PBXGroup;
			children = (
				18FAE0A39B8176DB24016FCB /* Pods_RxSwfit_Disposable.framework */,
			);
			name = Frameworks;
			sourceTree = "<group>";
		};
/* End PBXGroup section */

/* Begin PBXNativeTarget section */
		6CB7ED6C29701F5E002948DD /* RxSwfit_Disposable */ = {
			isa = PBXNativeTarget;
			buildConfigurationList = 6CB7ED8129701F5E002948DD /* Build configuration list for PBXNativeTarget "RxSwfit_Disposable" */;
			buildPhases = (
				CE1629E1D8DD2E628C7D0179 /* [CP] Check Pods Manifest.lock */,
				6CB7ED6929701F5E002948DD /* Sources */,
				6CB7ED6A29701F5E002948DD /* Frameworks */,
				6CB7ED6B29701F5E002948DD /* Resources */,
				23437461488C8C6DB2187A5B /* [CP] Embed Pods Frameworks */,
			);
			buildRules = (
			);
			dependencies = (
			);
			name = RxSwfit_Disposable;
			productName = RxSwfit_Disposable;
			productReference = 6CB7ED6D29701F5E002948DD /* RxSwfit_Disposable.app */;
			productType = "com.apple.product-type.application";
		};
/* End PBXNativeTarget section */

/* Begin PBXProject section */
		6CB7ED6529701F5E002948DD /* Project object */ = {
			isa = PBXProject;
			attributes = {
				BuildIndependentTargetsInParallel = 1;
				LastSwiftUpdateCheck = 1400;
				LastUpgradeCheck = 1400;
				TargetAttributes = {
					6CB7ED6C29701F5E002948DD = {
						CreatedOnToolsVersion = 14.0;
					};
				};
			};
			buildConfigurationList = 6CB7ED6829701F5E002948DD /* Build configuration list for PBXProject "RxSwfit_Disposable" */;
			compatibilityVersion = "Xcode 14.0";
			developmentRegion = en;
			hasScannedForEncodings = 0;
			knownRegions = (
				en,
				Base,
			);
			mainGroup = 6CB7ED6429701F5E002948DD;
			productRefGroup = 6CB7ED6E29701F5E002948DD /* Products */;
			projectDirPath = "";
			projectRoot = "";
			targets = (
				6CB7ED6C29701F5E002948DD /* RxSwfit_Disposable */,
			);
		};
/* End PBXProject section */

/* Begin PBXResourcesBuildPhase section */
		6CB7ED6B29701F5E002948DD /* Resources */ = {
			isa = PBXResourcesBuildPhase;
			buildActionMask = 2147483647;
			files = (
				6CB7ED7D29701F5E002948DD /* LaunchScreen.storyboard in Resources */,
				6CB7ED7A29701F5E002948DD /* Assets.xcassets in Resources */,
				6CB7ED7829701F5E002948DD /* Main.storyboard in Resources */,
			);
			runOnlyForDeploymentPostprocessing = 0;
		};
/* End PBXResourcesBuildPhase section */

/* Begin PBXShellScriptBuildPhase section */
		23437461488C8C6DB2187A5B /* [CP] Embed Pods Frameworks */ = {
			isa = PBXShellScriptBuildPhase;
			buildActionMask = 2147483647;
			files = (
			);
			inputFileListPaths = (
				"${PODS_ROOT}/Target Support Files/Pods-RxSwfit_Disposable/Pods-RxSwfit_Disposable-frameworks-${CONFIGURATION}-input-files.xcfilelist",
			);
			name = "[CP] Embed Pods Frameworks";
			outputFileListPaths = (
				"${PODS_ROOT}/Target Support Files/Pods-RxSwfit_Disposable/Pods-RxSwfit_Disposable-frameworks-${CONFIGURATION}-output-files.xcfilelist",
			);
			runOnlyForDeploymentPostprocessing = 0;
			shellPath = /bin/sh;
			shellScript = "\"${PODS_ROOT}/Target Support Files/Pods-RxSwfit_Disposable/Pods-RxSwfit_Disposable-frameworks.sh\"\n";
			showEnvVarsInLog = 0;
		};
		CE1629E1D8DD2E628C7D0179 /* [CP] Check Pods Manifest.lock */ = {
			isa = PBXShellScriptBuildPhase;
			buildActionMask = 2147483647;
			files = (
			);
			inputFileListPaths = (
			);
			inputPaths = (
				"${PODS_PODFILE_DIR_PATH}/Podfile.lock",
				"${PODS_ROOT}/Manifest.lock",
			);
			name = "[CP] Check Pods Manifest.lock";
			outputFileListPaths = (
			);
			outputPaths = (
				"$(DERIVED_FILE_DIR)/Pods-RxSwfit_Disposable-checkManifestLockResult.txt",
			);
			runOnlyForDeploymentPostprocessing = 0;
			shellPath = /bin/sh;
			shellScript = "diff \"${PODS_PODFILE_DIR_PATH}/Podfile.lock\" \"${PODS_ROOT}/Manifest.lock\" > /dev/null\nif [ $? != 0 ] ; then\n    # print error to STDERR\n    echo \"error: The sandbox is not in sync with the Podfile.lock. Run 'pod install' or update your CocoaPods installation.\" >&2\n    exit 1\nfi\n# This output is used by Xcode 'outputs' to avoid re-running this script phase.\necho \"SUCCESS\" > \"${SCRIPT_OUTPUT_FILE_0}\"\n";
			showEnvVarsInLog = 0;
		};
/* End PBXShellScriptBuildPhase section */

/* Begin PBXSourcesBuildPhase section */
		6CB7ED6929701F5E002948DD /* Sources */ = {
			isa = PBXSourcesBuildPhase;
			buildActionMask = 2147483647;
			files = (
				6CB7ED7529701F5E002948DD /* ViewController.swift in Sources */,
				6CB7ED7129701F5E002948DD /* AppDelegate.swift in Sources */,
				6CB7ED7329701F5E002948DD /* SceneDelegate.swift in Sources */,
			);
			runOnlyForDeploymentPostprocessing = 0;
		};
/* End PBXSourcesBuildPhase section */

/* Begin PBXVariantGroup section */
		6CB7ED7629701F5E002948DD /* Main.storyboard */ = {
			isa = PBXVariantGroup;
			children = (
				6CB7ED7729701F5E002948DD /* Base */,
			);
			name = Main.storyboard;
			sourceTree = "<group>";
		};
		6CB7ED7B29701F5E002948DD /* LaunchScreen.storyboard */ = {
			isa = PBXVariantGroup;
			children = (
				6CB7ED7C29701F5E002948DD /* Base */,
			);
			name = LaunchScreen.storyboard;
			sourceTree = "<group>";
		};
/* End PBXVariantGroup section */

/* Begin XCBuildConfiguration section */
		6CB7ED7F29701F5E002948DD /* Debug */ = {
			isa = XCBuildConfiguration;
			buildSettings = {
				ALWAYS_SEARCH_USER_PATHS = NO;
				CLANG_ANALYZER_NONNULL = YES;
				CLANG_ANALYZER_NUMBER_OBJECT_CONVERSION = YES_AGGRESSIVE;
				CLANG_CXX_LANGUAGE_STANDARD = "gnu++20";
				CLANG_ENABLE_MODULES = YES;
				CLANG_ENABLE_OBJC_ARC = YES;
				CLANG_ENABLE_OBJC_WEAK = YES;
				CLANG_WARN_BLOCK_CAPTURE_AUTORELEASING = YES;
				CLANG_WARN_BOOL_CONVERSION = YES;
				CLANG_WARN_COMMA = YES;
				CLANG_WARN_CONSTANT_CONVERSION = YES;
				CLANG_WARN_DEPRECATED_OBJC_IMPLEMENTATIONS = YES;
				CLANG_WARN_DIRECT_OBJC_ISA_USAGE = YES_ERROR;
				CLANG_WARN_DOCUMENTATION_COMMENTS = YES;
				CLANG_WARN_EMPTY_BODY = YES;
				CLANG_WARN_ENUM_CONVERSION = YES;
				CLANG_WARN_INFINITE_RECURSION = YES;
				CLANG_WARN_INT_CONVERSION = YES;
				CLANG_WARN_NON_LITERAL_NULL_CONVERSION = YES;
				CLANG_WARN_OBJC_IMPLICIT_RETAIN_SELF = YES;
				CLANG_WARN_OBJC_LITERAL_CONVERSION = YES;
				CLANG_WARN_OBJC_ROOT_CLASS = YES_ERROR;
				CLANG_WARN_QUOTED_INCLUDE_IN_FRAMEWORK_HEADER = YES;
				CLANG_WARN_RANGE_LOOP_ANALYSIS = YES;
				CLANG_WARN_STRICT_PROTOTYPES = YES;
				CLANG_WARN_SUSPICIOUS_MOVE = YES;
				CLANG_WARN_UNGUARDED_AVAILABILITY = YES_AGGRESSIVE;
				CLANG_WARN_UNREACHABLE_CODE = YES;
				CLANG_WARN__DUPLICATE_METHOD_MATCH = YES;
				COPY_PHASE_STRIP = NO;
				DEBUG_INFORMATION_FORMAT = dwarf;
				ENABLE_STRICT_OBJC_MSGSEND = YES;
				ENABLE_TESTABILITY = YES;
				GCC_C_LANGUAGE_STANDARD = gnu11;
				GCC_DYNAMIC_NO_PIC = NO;
				GCC_NO_COMMON_BLOCKS = YES;
				GCC_OPTIMIZATION_LEVEL = 0;
				GCC_PREPROCESSOR_DEFINITIONS = (
					"DEBUG=1",
					"$(inherited)",
				);
				GCC_WARN_64_TO_32_BIT_CONVERSION = YES;
				GCC_WARN_ABOUT_RETURN_TYPE = YES_ERROR;
				GCC_WARN_UNDECLARED_SELECTOR = YES;
				GCC_WARN_UNINITIALIZED_AUTOS = YES_AGGRESSIVE;
				GCC_WARN_UNUSED_FUNCTION = YES;
				GCC_WARN_UNUSED_VARIABLE = YES;
				IPHONEOS_DEPLOYMENT_TARGET = 16.0;
				MTL_ENABLE_DEBUG_INFO = INCLUDE_SOURCE;
				MTL_FAST_MATH = YES;
				ONLY_ACTIVE_ARCH = YES;
				SDKROOT = iphoneos;
				SWIFT_ACTIVE_COMPILATION_CONDITIONS = DEBUG;
				SWIFT_OPTIMIZATION_LEVEL = "-Onone";
			};
			name = Debug;
		};
		6CB7ED8029701F5E002948DD /* Release */ = {
			isa = XCBuildConfiguration;
			buildSettings = {
				ALWAYS_SEARCH_USER_PATHS = NO;
				CLANG_ANALYZER_NONNULL = YES;
				CLANG_ANALYZER_NUMBER_OBJECT_CONVERSION = YES_AGGRESSIVE;
				CLANG_CXX_LANGUAGE_STANDARD = "gnu++20";
				CLANG_ENABLE_MODULES = YES;
				CLANG_ENABLE_OBJC_ARC = YES;
				CLANG_ENABLE_OBJC_WEAK = YES;
				CLANG_WARN_BLOCK_CAPTURE_AUTORELEASING = YES;
				CLANG_WARN_BOOL_CONVERSION = YES;
				CLANG_WARN_COMMA = YES;
				CLANG_WARN_CONSTANT_CONVERSION = YES;
				CLANG_WARN_DEPRECATED_OBJC_IMPLEMENTATIONS = YES;
				CLANG_WARN_DIRECT_OBJC_ISA_USAGE = YES_ERROR;
				CLANG_WARN_DOCUMENTATION_COMMENTS = YES;
				CLANG_WARN_EMPTY_BODY = YES;
				CLANG_WARN_ENUM_CONVERSION = YES;
				CLANG_WARN_INFINITE_RECURSION = YES;
				CLANG_WARN_INT_CONVERSION = YES;
				CLANG_WARN_NON_LITERAL_NULL_CONVERSION = YES;
				CLANG_WARN_OBJC_IMPLICIT_RETAIN_SELF = YES;
				CLANG_WARN_OBJC_LITERAL_CONVERSION = YES;
				CLANG_WARN_OBJC_ROOT_CLASS = YES_ERROR;
				CLANG_WARN_QUOTED_INCLUDE_IN_FRAMEWORK_HEADER = YES;
				CLANG_WARN_RANGE_LOOP_ANALYSIS = YES;
				CLANG_WARN_STRICT_PROTOTYPES = YES;
				CLANG_WARN_SUSPICIOUS_MOVE = YES;
				CLANG_WARN_UNGUARDED_AVAILABILITY = YES_AGGRESSIVE;
				CLANG_WARN_UNREACHABLE_CODE = YES;
				CLANG_WARN__DUPLICATE_METHOD_MATCH = YES;
				COPY_PHASE_STRIP = NO;
				DEBUG_INFORMATION_FORMAT = "dwarf-with-dsym";
				ENABLE_NS_ASSERTIONS = NO;
				ENABLE_STRICT_OBJC_MSGSEND = YES;
				GCC_C_LANGUAGE_STANDARD = gnu11;
				GCC_NO_COMMON_BLOCKS = YES;
				GCC_WARN_64_TO_32_BIT_CONVERSION = YES;
				GCC_WARN_ABOUT_RETURN_TYPE = YES_ERROR;
				GCC_WARN_UNDECLARED_SELECTOR = YES;
				GCC_WARN_UNINITIALIZED_AUTOS = YES_AGGRESSIVE;
				GCC_WARN_UNUSED_FUNCTION = YES;
				GCC_WARN_UNUSED_VARIABLE = YES;
				IPHONEOS_DEPLOYMENT_TARGET = 16.0;
				MTL_ENABLE_DEBUG_INFO = NO;
				MTL_FAST_MATH = YES;
				SDKROOT = iphoneos;
				SWIFT_COMPILATION_MODE = wholemodule;
				SWIFT_OPTIMIZATION_LEVEL = "-O";
				VALIDATE_PRODUCT = YES;
			};
			name = Release;
		};
		6CB7ED8229701F5E002948DD /* Debug */ = {
			isa = XCBuildConfiguration;
			baseConfigurationReference = 3C426CEEBF3E679758CE226D /* Pods-RxSwfit_Disposable.debug.xcconfig */;
			buildSettings = {
				ASSETCATALOG_COMPILER_APPICON_NAME = AppIcon;
				ASSETCATALOG_COMPILER_GLOBAL_ACCENT_COLOR_NAME = AccentColor;
				CODE_SIGN_STYLE = Automatic;
				CURRENT_PROJECT_VERSION = 1;
				DEVELOPMENT_TEAM = U53R3R377Z;
				GENERATE_INFOPLIST_FILE = YES;
				INFOPLIST_FILE = RxSwfit_Disposable/Info.plist;
				INFOPLIST_KEY_UIApplicationSupportsIndirectInputEvents = YES;
				INFOPLIST_KEY_UILaunchStoryboardName = LaunchScreen;
				INFOPLIST_KEY_UIMainStoryboardFile = Main;
				INFOPLIST_KEY_UISupportedInterfaceOrientations_iPad = "UIInterfaceOrientationPortrait UIInterfaceOrientationPortraitUpsideDown UIInterfaceOrientationLandscapeLeft UIInterfaceOrientationLandscapeRight";
				INFOPLIST_KEY_UISupportedInterfaceOrientations_iPhone = "UIInterfaceOrientationPortrait UIInterfaceOrientationLandscapeLeft UIInterfaceOrientationLandscapeRight";
				LD_RUNPATH_SEARCH_PATHS = (
					"$(inherited)",
					"@executable_path/Frameworks",
				);
				MARKETING_VERSION = 1.0;
				PRODUCT_BUNDLE_IDENTIFIER = "Obi.RxSwfit-Disposable";
				PRODUCT_NAME = "$(TARGET_NAME)";
				SWIFT_EMIT_LOC_STRINGS = YES;
				SWIFT_VERSION = 5.0;
				TARGETED_DEVICE_FAMILY = "1,2";
			};
			name = Debug;
		};
		6CB7ED8329701F5E002948DD /* Release */ = {
			isa = XCBuildConfiguration;
			baseConfigurationReference = 96C5FB09DC572A87F01F332F /* Pods-RxSwfit_Disposable.release.xcconfig */;
			buildSettings = {
				ASSETCATALOG_COMPILER_APPICON_NAME = AppIcon;
				ASSETCATALOG_COMPILER_GLOBAL_ACCENT_COLOR_NAME = AccentColor;
				CODE_SIGN_STYLE = Automatic;
				CURRENT_PROJECT_VERSION = 1;
				DEVELOPMENT_TEAM = U53R3R377Z;
				GENERATE_INFOPLIST_FILE = YES;
				INFOPLIST_FILE = RxSwfit_Disposable/Info.plist;
				INFOPLIST_KEY_UIApplicationSupportsIndirectInputEvents = YES;
				INFOPLIST_KEY_UILaunchStoryboardName = LaunchScreen;
				INFOPLIST_KEY_UIMainStoryboardFile = Main;
				INFOPLIST_KEY_UISupportedInterfaceOrientations_iPad = "UIInterfaceOrientationPortrait UIInterfaceOrientationPortraitUpsideDown UIInterfaceOrientationLandscapeLeft UIInterfaceOrientationLandscapeRight";
				INFOPLIST_KEY_UISupportedInterfaceOrientations_iPhone = "UIInterfaceOrientationPortrait UIInterfaceOrientationLandscapeLeft UIInterfaceOrientationLandscapeRight";
				LD_RUNPATH_SEARCH_PATHS = (
					"$(inherited)",
					"@executable_path/Frameworks",
				);
				MARKETING_VERSION = 1.0;
				PRODUCT_BUNDLE_IDENTIFIER = "Obi.RxSwfit-Disposable";
				PRODUCT_NAME = "$(TARGET_NAME)";
				SWIFT_EMIT_LOC_STRINGS = YES;
				SWIFT_VERSION = 5.0;
				TARGETED_DEVICE_FAMILY = "1,2";
			};
			name = Release;
		};
/* End XCBuildConfiguration section */

/* Begin XCConfigurationList section */
		6CB7ED6829701F5E002948DD /* Build configuration list for PBXProject "RxSwfit_Disposable" */ = {
			isa = XCConfigurationList;
			buildConfigurations = (
				6CB7ED7F29701F5E002948DD /* Debug */,
				6CB7ED8029701F5E002948DD /* Release */,
			);
			defaultConfigurationIsVisible = 0;
			defaultConfigurationName = Release;
		};
		6CB7ED8129701F5E002948DD /* Build configuration list for PBXNativeTarget "RxSwfit_Disposable" */ = {
			isa = XCConfigurationList;
			buildConfigurations = (
				6CB7ED8229701F5E002948DD /* Debug */,
				6CB7ED8329701F5E002948DD /* Release */,
			);
			defaultConfigurationIsVisible = 0;
			defaultConfigurationName = Release;
		};
/* End XCConfigurationList section */
	};
	rootObject = 6CB7ED6529701F5E002948DD /* Project object */;
}
